
Microsoft Visual Studio Solution File, Format Version 12.00
# Visual Studio 15
Project("{FAE04EC0-301F-11D3-BF4B-00C04F79EFBC}") = "PhotonUnityNetworking.Demos", "PhotonUnityNetworking.Demos.csproj", "{5DE78380-9D5A-3128-9E35-50BE6CD2CFA7}"
EndProject
Project("{FAE04EC0-301F-11D3-BF4B-00C04F79EFBC}") = "PhotonUnityNetworking.Utilities", "PhotonUnityNetworking.Utilities.csproj", "{AC22CE1B-9F33-E6EA-BC19-9DF65075F672}"
EndProject
Project("{FAE04EC0-301F-11D3-BF4B-00C04F79EFBC}") = "PhotonChat", "PhotonChat.csproj", "{D8CBC4B6-3F7B-96CF-0FA3-D73B13174BE7}"
EndProject
Project("{FAE04EC0-301F-11D3-BF4B-00C04F79EFBC}") = "PhotonUnityNetworking", "PhotonUnityNetworking.csproj", "{6AC5CA25-72BC-1FA5-4A36-EEE2A0DDCB83}"
EndProject
Project("{FAE04EC0-301F-11D3-BF4B-00C04F79EFBC}") = "Assembly-CSharp", "Assembly-CSharp.csproj", "{4BB3DC26-1E64-813C-2813-F0034F08D304}"
EndProject
Project("{FAE04EC0-301F-11D3-BF4B-00C04F79EFBC}") = "PhotonRealtime", "PhotonRealtime.csproj", "{D1ACDD8E-6C61-6371-3CFF-2C567FE26356}"
EndProject
Project("{FAE04EC0-301F-11D3-BF4B-00C04F79EFBC}") = "PhotonUnityNetworking.Editor", "PhotonUnityNetworking.Editor.csproj", "{48EC5738-2791-5ECC-3305-6E6372079514}"
EndProject
Project("{FAE04EC0-301F-11D3-BF4B-00C04F79EFBC}") = "PunDemos.DemoHubEditor", "PunDemos.DemoHubEditor.csproj", "{8E6BEF72-EA58-558E-ECF1-4C2C43BD8300}"
EndProject
Project("{FAE04EC0-301F-11D3-BF4B-00C04F79EFBC}") = "PhotonUnityNetworking.Utilities.PhotonPlayer.Editor", "PhotonUnityNetworking.Utilities.PhotonPlayer.Editor.csproj", "{38C85212-4F48-4151-111E-AD32FC71DAC2}"
EndProject
Project("{FAE04EC0-301F-11D3-BF4B-00C04F79EFBC}") = "PhotonUnityNetworking.Utilities.Culling.Editor", "PhotonUnityNetworking.Utilities.Culling.Editor.csproj", "{A781E5C5-5793-EEE9-815D-1686880DF442}"
EndProject
Project("{FAE04EC0-301F-11D3-BF4B-00C04F79EFBC}") = "PunDemos.DemoSlotcarEditor", "PunDemos.DemoSlotcarEditor.csproj", "{8F3F2909-BA28-47DF-FE22-EF1E53D145B3}"
EndProject
Global
	GlobalSection(SolutionConfigurationPlatforms) = preSolution
		Debug|Any CPU = Debug|Any CPU
		Release|Any CPU = Release|Any CPU
	EndGlobalSection
	GlobalSection(ProjectConfigurationPlatforms) = postSolution
		{5DE78380-9D5A-3128-9E35-50BE6CD2CFA7}.Debug|Any CPU.ActiveCfg = Debug|Any CPU
		{5DE78380-9D5A-3128-9E35-50BE6CD2CFA7}.Debug|Any CPU.Build.0 = Debug|Any CPU
		{5DE78380-9D5A-3128-9E35-50BE6CD2CFA7}.Release|Any CPU.ActiveCfg = Release|Any CPU
		{5DE78380-9D5A-3128-9E35-50BE6CD2CFA7}.Release|Any CPU.Build.0 = Release|Any CPU
		{AC22CE1B-9F33-E6EA-BC19-9DF65075F672}.Debug|Any CPU.ActiveCfg = Debug|Any CPU
		{AC22CE1B-9F33-E6EA-BC19-9DF65075F672}.Debug|Any CPU.Build.0 = Debug|Any CPU
		{AC22CE1B-9F33-E6EA-BC19-9DF65075F672}.Release|Any CPU.ActiveCfg = Release|Any CPU
		{AC22CE1B-9F33-E6EA-BC19-9DF65075F672}.Release|Any CPU.Build.0 = Release|Any CPU
		{D8CBC4B6-3F7B-96CF-0FA3-D73B13174BE7}.Debug|Any CPU.ActiveCfg = Debug|Any CPU
		{D8CBC4B6-3F7B-96CF-0FA3-D73B13174BE7}.Debug|Any CPU.Build.0 = Debug|Any CPU
		{D8CBC4B6-3F7B-96CF-0FA3-D73B13174BE7}.Release|Any CPU.ActiveCfg = Release|Any CPU
		{D8CBC4B6-3F7B-96CF-0FA3-D73B13174BE7}.Release|Any CPU.Build.0 = Release|Any CPU
		{6AC5CA25-72BC-1FA5-4A36-EEE2A0DDCB83}.Debug|Any CPU.ActiveCfg = Debug|Any CPU
		{6AC5CA25-72BC-1FA5-4A36-EEE2A0DDCB83}.Debug|Any CPU.Build.0 = Debug|Any CPU
		{6AC5CA25-72BC-1FA5-4A36-EEE2A0DDCB83}.Release|Any CPU.ActiveCfg = Release|Any CPU
		{6AC5CA25-72BC-1FA5-4A36-EEE2A0DDCB83}.Release|Any CPU.Build.0 = Release|Any CPU
		{4BB3DC26-1E64-813C-2813-F0034F08D304}.Debug|Any CPU.ActiveCfg = Debug|Any CPU
		{4BB3DC26-1E64-813C-2813-F0034F08D304}.Debug|Any CPU.Build.0 = Debug|Any CPU
		{4BB3DC26-1E64-813C-2813-F0034F08D304}.Release|Any CPU.ActiveCfg = Release|Any CPU
		{4BB3DC26-1E64-813C-2813-F0034F08D304}.Release|Any CPU.Build.0 = Release|Any CPU
		{D1ACDD8E-6C61-6371-3CFF-2C567FE26356}.Debug|Any CPU.ActiveCfg = Debug|Any CPU
		{D1ACDD8E-6C61-6371-3CFF-2C567FE26356}.Debug|Any CPU.Build.0 = Debug|Any CPU
		{D1ACDD8E-6C61-6371-3CFF-2C567FE26356}.Release|Any CPU.ActiveCfg = Release|Any CPU
		{D1ACDD8E-6C61-6371-3CFF-2C567FE26356}.Release|Any CPU.Build.0 = Release|Any CPU
		{48EC5738-2791-5ECC-3305-6E6372079514}.Debug|Any CPU.ActiveCfg = Debug|Any CPU
		{48EC5738-2791-5ECC-3305-6E6372079514}.Debug|Any CPU.Build.0 = Debug|Any CPU
		{48EC5738-2791-5ECC-3305-6E6372079514}.Release|Any CPU.ActiveCfg = Release|Any CPU
		{48EC5738-2791-5ECC-3305-6E6372079514}.Release|Any CPU.Build.0 = Release|Any CPU
		{8E6BEF72-EA58-558E-ECF1-4C2C43BD8300}.Debug|Any CPU.ActiveCfg = Debug|Any CPU
		{8E6BEF72-EA58-558E-ECF1-4C2C43BD8300}.Debug|Any CPU.Build.0 = Debug|Any CPU
		{8E6BEF72-EA58-558E-ECF1-4C2C43BD8300}.Release|Any CPU.ActiveCfg = Release|Any CPU
		{8E6BEF72-EA58-558E-ECF1-4C2C43BD8300}.Release|Any CPU.Build.0 = Release|Any CPU
		{38C85212-4F48-4151-111E-AD32FC71DAC2}.Debug|Any CPU.ActiveCfg = Debug|Any CPU
		{38C85212-4F48-4151-111E-AD32FC71DAC2}.Debug|Any CPU.Build.0 = Debug|Any CPU
		{38C85212-4F48-4151-111E-AD32FC71DAC2}.Release|Any CPU.ActiveCfg = Release|Any CPU
		{38C85212-4F48-4151-111E-AD32FC71DAC2}.Release|Any CPU.Build.0 = Release|Any CPU
		{A781E5C5-5793-EEE9-815D-1686880DF442}.Debug|Any CPU.ActiveCfg = Debug|Any CPU
		{A781E5C5-5793-EEE9-815D-1686880DF442}.Debug|Any CPU.Build.0 = Debug|Any CPU
		{A781E5C5-5793-EEE9-815D-1686880DF442}.Release|Any CPU.ActiveCfg = Release|Any CPU
		{A781E5C5-5793-EEE9-815D-1686880DF442}.Release|Any CPU.Build.0 = Release|Any CPU
		{8F3F2909-BA28-47DF-FE22-EF1E53D145B3}.Debug|Any CPU.ActiveCfg = Debug|Any CPU
		{8F3F2909-BA28-47DF-FE22-EF1E53D145B3}.Debug|Any CPU.Build.0 = Debug|Any CPU
		{8F3F2909-BA28-47DF-FE22-EF1E53D145B3}.Release|Any CPU.ActiveCfg = Release|Any CPU
		{8F3F2909-BA28-47DF-FE22-EF1E53D145B3}.Release|Any CPU.Build.0 = Release|Any CPU
	EndGlobalSection
	GlobalSection(SolutionProperties) = preSolution
		HideSolutionNode = FALSE
	EndGlobalSection
EndGlobal
